
Microsoft Visual Studio Solution File, Format Version 12.00
# Visual Studio Version 17
VisualStudioVersion = 17.0.31903.59
MinimumVisualStudioVersion = 10.0.40219.1
Project("{2150E333-8FDC-42A3-9474-1A3956D46DE8}") = "src", "src", "{A05E1D1C-F963-454C-864A-CBAC401515AC}"
EndProject
Project("{9A19103F-16F7-4668-BE54-9A1E7A4F7556}") = "AuctionService", "src\AuctionService\AuctionService.csproj", "{6FEF0796-E0D6-4F8C-BC20-09E3A04652BA}"
EndProject
Project("{2150E333-8FDC-42A3-9474-1A3956D46DE8}") = "Solution Items", "Solution Items", "{24BF3EE6-BBA9-4826-9D45-8D8B6A852E93}"
	ProjectSection(SolutionItems) = preProject
		docker-compose.yml = docker-compose.yml
	EndProjectSection
EndProject
Project("{FAE04EC0-301F-11D3-BF4B-00C04F79EFBC}") = "SearchService", "src\SearchService\SearchService.csproj", "{15CC7440-59CE-4303-9C1A-64571277842F}"
EndProject
Project("{FAE04EC0-301F-11D3-BF4B-00C04F79EFBC}") = "Contracts", "src\Contracts\Contracts.csproj", "{71587C9B-8909-4BAF-9849-7272DEE75C43}"
EndProject
Project("{FAE04EC0-301F-11D3-BF4B-00C04F79EFBC}") = "IdentityService", "src\IdentityService\IdentityService.csproj", "{8FE29301-EEFA-44D5-A8EE-5C8BEE53DCD6}"
EndProject
Project("{FAE04EC0-301F-11D3-BF4B-00C04F79EFBC}") = "GatewayService", "src\GatewayService\GatewayService.csproj", "{95E16A5F-CE47-46D0-A559-A601E8E5F605}"
EndProject
Global
	GlobalSection(SolutionConfigurationPlatforms) = preSolution
		Debug|Any CPU = Debug|Any CPU
		Release|Any CPU = Release|Any CPU
	EndGlobalSection
	GlobalSection(ProjectConfigurationPlatforms) = postSolution
		{6FEF0796-E0D6-4F8C-BC20-09E3A04652BA}.Debug|Any CPU.ActiveCfg = Debug|Any CPU
		{6FEF0796-E0D6-4F8C-BC20-09E3A04652BA}.Debug|Any CPU.Build.0 = Debug|Any CPU
		{6FEF0796-E0D6-4F8C-BC20-09E3A04652BA}.Release|Any CPU.ActiveCfg = Release|Any CPU
		{6FEF0796-E0D6-4F8C-BC20-09E3A04652BA}.Release|Any CPU.Build.0 = Release|Any CPU
		{15CC7440-59CE-4303-9C1A-64571277842F}.Debug|Any CPU.ActiveCfg = Debug|Any CPU
		{15CC7440-59CE-4303-9C1A-64571277842F}.Debug|Any CPU.Build.0 = Debug|Any CPU
		{15CC7440-59CE-4303-9C1A-64571277842F}.Release|Any CPU.ActiveCfg = Release|Any CPU
		{15CC7440-59CE-4303-9C1A-64571277842F}.Release|Any CPU.Build.0 = Release|Any CPU
		{71587C9B-8909-4BAF-9849-7272DEE75C43}.Debug|Any CPU.ActiveCfg = Debug|Any CPU
		{71587C9B-8909-4BAF-9849-7272DEE75C43}.Debug|Any CPU.Build.0 = Debug|Any CPU
		{71587C9B-8909-4BAF-9849-7272DEE75C43}.Release|Any CPU.ActiveCfg = Release|Any CPU
		{71587C9B-8909-4BAF-9849-7272DEE75C43}.Release|Any CPU.Build.0 = Release|Any CPU
		{8FE29301-EEFA-44D5-A8EE-5C8BEE53DCD6}.Debug|Any CPU.ActiveCfg = Debug|Any CPU
		{8FE29301-EEFA-44D5-A8EE-5C8BEE53DCD6}.Debug|Any CPU.Build.0 = Debug|Any CPU
		{8FE29301-EEFA-44D5-A8EE-5C8BEE53DCD6}.Release|Any CPU.ActiveCfg = Release|Any CPU
		{8FE29301-EEFA-44D5-A8EE-5C8BEE53DCD6}.Release|Any CPU.Build.0 = Release|Any CPU
		{95E16A5F-CE47-46D0-A559-A601E8E5F605}.Debug|Any CPU.ActiveCfg = Debug|Any CPU
		{95E16A5F-CE47-46D0-A559-A601E8E5F605}.Debug|Any CPU.Build.0 = Debug|Any CPU
		{95E16A5F-CE47-46D0-A559-A601E8E5F605}.Release|Any CPU.ActiveCfg = Release|Any CPU
		{95E16A5F-CE47-46D0-A559-A601E8E5F605}.Release|Any CPU.Build.0 = Release|Any CPU
	EndGlobalSection
	GlobalSection(SolutionProperties) = preSolution
		HideSolutionNode = FALSE
	EndGlobalSection
	GlobalSection(NestedProjects) = preSolution
		{6FEF0796-E0D6-4F8C-BC20-09E3A04652BA} = {A05E1D1C-F963-454C-864A-CBAC401515AC}
		{15CC7440-59CE-4303-9C1A-64571277842F} = {A05E1D1C-F963-454C-864A-CBAC401515AC}
		{71587C9B-8909-4BAF-9849-7272DEE75C43} = {A05E1D1C-F963-454C-864A-CBAC401515AC}
		{8FE29301-EEFA-44D5-A8EE-5C8BEE53DCD6} = {A05E1D1C-F963-454C-864A-CBAC401515AC}
		{95E16A5F-CE47-46D0-A559-A601E8E5F605} = {A05E1D1C-F963-454C-864A-CBAC401515AC}
	EndGlobalSection
	GlobalSection(ExtensibilityGlobals) = postSolution
		SolutionGuid = {48FA66A4-05A6-47FB-9F77-EBF2D3583BAE}
	EndGlobalSection
EndGlobal
